
Microsoft Visual Studio Solution File, Format Version 12.00
Project("{FAE04EC0-301F-11D3-BF4B-00C04F79EFBC}") = "WH3CharacterManager", "WH3CharacterManager.csproj", "{02A7297F-CB6F-47E9-98CE-53C87DBF0648}"
EndProject
Project("{2150E333-8FDC-42A3-9474-1A3956D46DE8}") = "Tests", "Tests", "{0AB3BF05-4346-4AA6-1389-037BE0695223}"
EndProject
Project("{FAE04EC0-301F-11D3-BF4B-00C04F79EFBC}") = "WH3CharacterManager.Tests", "Tests\WH3CharacterManager.Tests.csproj", "{DC830397-2F14-4CBD-A6D8-61F309B180C7}"
EndProject
Global
	GlobalSection(SolutionConfigurationPlatforms) = preSolution
		Debug|Any CPU = Debug|Any CPU
		Debug|x64 = Debug|x64
		Debug|x86 = Debug|x86
		Release|Any CPU = Release|Any CPU
		Release|x64 = Release|x64
		Release|x86 = Release|x86
	EndGlobalSection
	GlobalSection(ProjectConfigurationPlatforms) = postSolution
		{02A7297F-CB6F-47E9-98CE-53C87DBF0648}.Debug|Any CPU.ActiveCfg = Debug|Any CPU
		{02A7297F-CB6F-47E9-98CE-53C87DBF0648}.Debug|Any CPU.Build.0 = Debug|Any CPU
		{02A7297F-CB6F-47E9-98CE-53C87DBF0648}.Debug|x64.ActiveCfg = Debug|Any CPU
		{02A7297F-CB6F-47E9-98CE-53C87DBF0648}.Debug|x64.Build.0 = Debug|Any CPU
		{02A7297F-CB6F-47E9-98CE-53C87DBF0648}.Debug|x86.ActiveCfg = Debug|Any CPU
		{02A7297F-CB6F-47E9-98CE-53C87DBF0648}.Debug|x86.Build.0 = Debug|Any CPU
		{02A7297F-CB6F-47E9-98CE-53C87DBF0648}.Release|Any CPU.ActiveCfg = Release|Any CPU
		{02A7297F-CB6F-47E9-98CE-53C87DBF0648}.Release|Any CPU.Build.0 = Release|Any CPU
		{02A7297F-CB6F-47E9-98CE-53C87DBF0648}.Release|x64.ActiveCfg = Release|Any CPU
		{02A7297F-CB6F-47E9-98CE-53C87DBF0648}.Release|x64.Build.0 = Release|Any CPU
		{02A7297F-CB6F-47E9-98CE-53C87DBF0648}.Release|x86.ActiveCfg = Release|Any CPU
		{02A7297F-CB6F-47E9-98CE-53C87DBF0648}.Release|x86.Build.0 = Release|Any CPU
		{DC830397-2F14-4CBD-A6D8-61F309B180C7}.Debug|Any CPU.ActiveCfg = Debug|Any CPU
		{DC830397-2F14-4CBD-A6D8-61F309B180C7}.Debug|Any CPU.Build.0 = Debug|Any CPU
		{DC830397-2F14-4CBD-A6D8-61F309B180C7}.Debug|x64.ActiveCfg = Debug|Any CPU
		{DC830397-2F14-4CBD-A6D8-61F309B180C7}.Debug|x64.Build.0 = Debug|Any CPU
		{DC830397-2F14-4CBD-A6D8-61F309B180C7}.Debug|x86.ActiveCfg = Debug|Any CPU
		{DC830397-2F14-4CBD-A6D8-61F309B180C7}.Debug|x86.Build.0 = Debug|Any CPU
		{DC830397-2F14-4CBD-A6D8-61F309B180C7}.Release|Any CPU.ActiveCfg = Release|Any CPU
		{DC830397-2F14-4CBD-A6D8-61F309B180C7}.Release|Any CPU.Build.0 = Release|Any CPU
		{DC830397-2F14-4CBD-A6D8-61F309B180C7}.Release|x64.ActiveCfg = Release|Any CPU
		{DC830397-2F14-4CBD-A6D8-61F309B180C7}.Release|x64.Build.0 = Release|Any CPU
		{DC830397-2F14-4CBD-A6D8-61F309B180C7}.Release|x86.ActiveCfg = Release|Any CPU
		{DC830397-2F14-4CBD-A6D8-61F309B180C7}.Release|x86.Build.0 = Release|Any CPU
	EndGlobalSection
	GlobalSection(SolutionProperties) = preSolution
		HideSolutionNode = FALSE
	EndGlobalSection
	GlobalSection(NestedProjects) = preSolution
		{DC830397-2F14-4CBD-A6D8-61F309B180C7} = {0AB3BF05-4346-4AA6-1389-037BE0695223}
	EndGlobalSection
EndGlobal
